// !$*UTF8*$!
{
	archiveVersion = 1;
	classes = {
	};
	objectVersion = 46;
	objects = {

/* Begin PBXBuildFile section */
		1A1049AD1E797B6800A60636 /* AppDelegate.swift in Sources */ = {isa = PBXBuildFile; fileRef = 1A1049AC1E797B6800A60636 /* AppDelegate.swift */; };
		1A1049AF1E797B6800A60636 /* ViewController.swift in Sources */ = {isa = PBXBuildFile; fileRef = 1A1049AE1E797B6800A60636 /* ViewController.swift */; };
		1A1049B21E797B6800A60636 /* Main.storyboard in Resources */ = {isa = PBXBuildFile; fileRef = 1A1049B01E797B6800A60636 /* Main.storyboard */; };
		1A1049B41E797B6800A60636 /* Assets.xcassets in Resources */ = {isa = PBXBuildFile; fileRef = 1A1049B31E797B6800A60636 /* Assets.xcassets */; };
		1A1049B71E797B6800A60636 /* LaunchScreen.storyboard in Resources */ = {isa = PBXBuildFile; fileRef = 1A1049B51E797B6800A60636 /* LaunchScreen.storyboard */; };
		1A1049C21E797B6900A60636 /* SpeechToTextTests.swift in Sources */ = {isa = PBXBuildFile; fileRef = 1A1049C11E797B6900A60636 /* SpeechToTextTests.swift */; };
		1A1049CD1E797B6900A60636 /* SpeechToTextUITests.swift in Sources */ = {isa = PBXBuildFile; fileRef = 1A1049CC1E797B6900A60636 /* SpeechToTextUITests.swift */; };
/* End PBXBuildFile section */

/* Begin PBXContainerItemProxy section */
		1A1049BE1E797B6900A60636 /* PBXContainerItemProxy */ = {
			isa = PBXContainerItemProxy;
			containerPortal = 1A1049A11E797B6700A60636 /* Project object */;
			proxyType = 1;
			remoteGlobalIDString = 1A1049A81E797B6700A60636;
			remoteInfo = SpeechToText;
		};
		1A1049C91E797B6900A60636 /* PBXContainerItemProxy */ = {
			isa = PBXContainerItemProxy;
			containerPortal = 1A1049A11E797B6700A60636 /* Project object */;
			proxyType = 1;
			remoteGlobalIDString = 1A1049A81E797B6700A60636;
			remoteInfo = SpeechToText;
		};
/* End PBXContainerItemProxy section */

/* Begin PBXFileReference section */
		1A1049A91E797B6800A60636 /* SpeechToText.app */ = {isa = PBXFileReference; explicitFileType = wrapper.application; includeInIndex = 0; path = SpeechToText.app; sourceTree = BUILT_PRODUCTS_DIR; };
		1A1049AC1E797B6800A60636 /* AppDelegate.swift */ = {isa = PBXFileReference; lastKnownFileType = sourcecode.swift; path = AppDelegate.swift; sourceTree = "<group>"; };
		1A1049AE1E797B6800A60636 /* ViewController.swift */ = {isa = PBXFileReference; lastKnownFileType = sourcecode.swift; path = ViewController.swift; sourceTree = "<group>"; };
		1A1049B11E797B6800A60636 /* Base */ = {isa = PBXFileReference; lastKnownFileType = file.storyboard; name = Base; path = Base.lproj/Main.storyboard; sourceTree = "<group>"; };
		1A1049B31E797B6800A60636 /* Assets.xcassets */ = {isa = PBXFileReference; lastKnownFileType = folder.assetcatalog; path = Assets.xcassets; sourceTree = "<group>"; };
		1A1049B61E797B6800A60636 /* Base */ = {isa = PBXFileReference; lastKnownFileType = file.storyboard; name = Base; path = Base.lproj/LaunchScreen.storyboard; sourceTree = "<group>"; };
		1A1049B81E797B6800A60636 /* Info.plist */ = {isa = PBXFileReference; lastKnownFileType = text.plist.xml; path = Info.plist; sourceTree = "<group>"; };
		1A1049BD1E797B6900A60636 /* SpeechToTextTests.xctest */ = {isa = PBXFileReference; explicitFileType = wrapper.cfbundle; includeInIndex = 0; path = SpeechToTextTests.xctest; sourceTree = BUILT_PRODUCTS_DIR; };
		1A1049C11E797B6900A60636 /* SpeechToTextTests.swift */ = {isa = PBXFileReference; lastKnownFileType = sourcecode.swift; path = SpeechToTextTests.swift; sourceTree = "<group>"; };
		1A1049C31E797B6900A60636 /* Info.plist */ = {isa = PBXFileReference; lastKnownFileType = text.plist.xml; path = Info.plist; sourceTree = "<group>"; };
		1A1049C81E797B6900A60636 /* SpeechToTextUITests.xctest */ = {isa = PBXFileReference; explicitFileType = wrapper.cfbundle; includeInIndex = 0; path = SpeechToTextUITests.xctest; sourceTree = BUILT_PRODUCTS_DIR; };
		1A1049CC1E797B6900A60636 /* SpeechToTextUITests.swift */ = {isa = PBXFileReference; lastKnownFileType = sourcecode.swift; path = SpeechToTextUITests.swift; sourceTree = "<group>"; };
		1A1049CE1E797B6900A60636 /* Info.plist */ = {isa = PBXFileReference; lastKnownFileType = text.plist.xml; path = Info.plist; sourceTree = "<group>"; };
/* End PBXFileReference section */

/* Begin PBXFrameworksBuildPhase section */
		1A1049A61E797B6700A60636 /* Frameworks */ = {
			isa = PBXFrameworksBuildPhase;
			buildActionMask = 2147483647;
			files = (
			);
			runOnlyForDeploymentPostprocessing = 0;
		};
		1A1049BA1E797B6900A60636 /* Frameworks */ = {
			isa = PBXFrameworksBuildPhase;
			buildActionMask = 2147483647;
			files = (
			);
			runOnlyForDeploymentPostprocessing = 0;
		};
		1A1049C51E797B6900A60636 /* Frameworks */ = {
			isa = PBXFrameworksBuildPhase;
			buildActionMask = 2147483647;
			files = (
			);
			runOnlyForDeploymentPostprocessing = 0;
		};
/* End PBXFrameworksBuildPhase section */

/* Begin PBXGroup section */
		1A1049A01E797B6700A60636 = {
			isa = PBXGroup;
			children = (
				1A1049AB1E797B6800A60636 /* SpeechToText */,
				1A1049C01E797B6900A60636 /* SpeechToTextTests */,
				1A1049CB1E797B6900A60636 /* SpeechToTextUITests */,
				1A1049AA1E797B6800A60636 /* Products */,
			);
			sourceTree = "<group>";
		};
		1A1049AA1E797B6800A60636 /* Products */ = {
			isa = PBXGroup;
			children = (
				1A1049A91E797B6800A60636 /* SpeechToText.app */,
				1A1049BD1E797B6900A60636 /* SpeechToTextTests.xctest */,
				1A1049C81E797B6900A60636 /* SpeechToTextUITests.xctest */,
			);
			name = Products;
			sourceTree = "<group>";
		};
		1A1049AB1E797B6800A60636 /* SpeechToText */ = {
			isa = PBXGroup;
			children = (
				1A1049AC1E797B6800A60636 /* AppDelegate.swift */,
				1A1049AE1E797B6800A60636 /* ViewController.swift */,
				1A1049B01E797B6800A60636 /* Main.storyboard */,
				1A1049B31E797B6800A60636 /* Assets.xcassets */,
				1A1049B51E797B6800A60636 /* LaunchScreen.storyboard */,
				1A1049B81E797B6800A60636 /* Info.plist */,
			);
			path = SpeechToText;
			sourceTree = "<group>";
		};
		1A1049C01E797B6900A60636 /* SpeechToTextTests */ = {
			isa = PBXGroup;
			children = (
				1A1049C11E797B6900A60636 /* SpeechToTextTests.swift */,
				1A1049C31E797B6900A60636 /* Info.plist */,
			);
			path = SpeechToTextTests;
			sourceTree = "<group>";
		};
		1A1049CB1E797B6900A60636 /* SpeechToTextUITests */ = {
			isa = PBXGroup;
			children = (
				1A1049CC1E797B6900A60636 /* SpeechToTextUITests.swift */,
				1A1049CE1E797B6900A60636 /* Info.plist */,
			);
			path = SpeechToTextUITests;
			sourceTree = "<group>";
		};
/* End PBXGroup section */

/* Begin PBXNativeTarget section */
		1A1049A81E797B6700A60636 /* SpeechToText */ = {
			isa = PBXNativeTarget;
			buildConfigurationList = 1A1049D11E797B6900A60636 /* Build configuration list for PBXNativeTarget "SpeechToText" */;
			buildPhases = (
				1A1049A51E797B6700A60636 /* Sources */,
				1A1049A61E797B6700A60636 /* Frameworks */,
				1A1049A71E797B6700A60636 /* Resources */,
			);
			buildRules = (
			);
			dependencies = (
			);
			name = SpeechToText;
			productName = SpeechToText;
			productReference = 1A1049A91E797B6800A60636 /* SpeechToText.app */;
			productType = "com.apple.product-type.application";
		};
		1A1049BC1E797B6900A60636 /* SpeechToTextTests */ = {
			isa = PBXNativeTarget;
			buildConfigurationList = 1A1049D41E797B6900A60636 /* Build configuration list for PBXNativeTarget "SpeechToTextTests" */;
			buildPhases = (
				1A1049B91E797B6900A60636 /* Sources */,
				1A1049BA1E797B6900A60636 /* Frameworks */,
				1A1049BB1E797B6900A60636 /* Resources */,
			);
			buildRules = (
			);
			dependencies = (
				1A1049BF1E797B6900A60636 /* PBXTargetDependency */,
			);
			name = SpeechToTextTests;
			productName = SpeechToTextTests;
			productReference = 1A1049BD1E797B6900A60636 /* SpeechToTextTests.xctest */;
			productType = "com.apple.product-type.bundle.unit-test";
		};
		1A1049C71E797B6900A60636 /* SpeechToTextUITests */ = {
			isa = PBXNativeTarget;
			buildConfigurationList = 1A1049D71E797B6900A60636 /* Build configuration list for PBXNativeTarget "SpeechToTextUITests" */;
			buildPhases = (
				1A1049C41E797B6900A60636 /* Sources */,
				1A1049C51E797B6900A60636 /* Frameworks */,
				1A1049C61E797B6900A60636 /* Resources */,
			);
			buildRules = (
			);
			dependencies = (
				1A1049CA1E797B6900A60636 /* PBXTargetDependency */,
			);
			name = SpeechToTextUITests;
			productName = SpeechToTextUITests;
			productReference = 1A1049C81E797B6900A60636 /* SpeechToTextUITests.xctest */;
			productType = "com.apple.product-type.bundle.ui-testing";
		};
/* End PBXNativeTarget section */

/* Begin PBXProject section */
		1A1049A11E797B6700A60636 /* Project object */ = {
			isa = PBXProject;
			attributes = {
				LastSwiftUpdateCheck = 0820;
				LastUpgradeCheck = 0820;
				ORGANIZATIONNAME = "Anh Tuong Nguyen";
				TargetAttributes = {
					1A1049A81E797B6700A60636 = {
						CreatedOnToolsVersion = 8.2.1;
						DevelopmentTeam = 5RH63G5KC4;
						ProvisioningStyle = Automatic;
					};
					1A1049BC1E797B6900A60636 = {
						CreatedOnToolsVersion = 8.2.1;
						ProvisioningStyle = Automatic;
						TestTargetID = 1A1049A81E797B6700A60636;
					};
					1A1049C71E797B6900A60636 = {
						CreatedOnToolsVersion = 8.2.1;
						ProvisioningStyle = Automatic;
						TestTargetID = 1A1049A81E797B6700A60636;
					};
				};
			};
			buildConfigurationList = 1A1049A41E797B6700A60636 /* Build configuration list for PBXProject "SpeechToText" */;
			compatibilityVersion = "Xcode 3.2";
			developmentRegion = English;
			hasScannedForEncodings = 0;
			knownRegions = (
				en,
				Base,
			);
			mainGroup = 1A1049A01E797B6700A60636;
			productRefGroup = 1A1049AA1E797B6800A60636 /* Products */;
			projectDirPath = "";
			projectRoot = "";
			targets = (
				1A1049A81E797B6700A60636 /* SpeechToText */,
				1A1049BC1E797B6900A60636 /* SpeechToTextTests */,
				1A1049C71E797B6900A60636 /* SpeechToTextUITests */,
			);
		};
/* End PBXProject section */

/* Begin PBXResourcesBuildPhase section */
		1A1049A71E797B6700A60636 /* Resources */ = {
			isa = PBXResourcesBuildPhase;
			buildActionMask = 2147483647;
			files = (
				1A1049B71E797B6800A60636 /* LaunchScreen.storyboard in Resources */,
				1A1049B41E797B6800A60636 /* Assets.xcassets in Resources */,
				1A1049B21E797B6800A60636 /* Main.storyboard in Resources */,
			);
			runOnlyForDeploymentPostprocessing = 0;
		};
		1A1049BB1E797B6900A60636 /* Resources */ = {
			isa = PBXResourcesBuildPhase;
			buildActionMask = 2147483647;
			files = (
			);
			runOnlyForDeploymentPostprocessing = 0;
		};
		1A1049C61E797B6900A60636 /* Resources */ = {
			isa = PBXResourcesBuildPhase;
			buildActionMask = 2147483647;
			files = (
			);
			runOnlyForDeploymentPostprocessing = 0;
		};
/* End PBXResourcesBuildPhase section */

/* Begin PBXSourcesBuildPhase section */
		1A1049A51E797B6700A60636 /* Sources */ = {
			isa = PBXSourcesBuildPhase;
			buildActionMask = 2147483647;
			files = (
				1A1049AF1E797B6800A60636 /* ViewController.swift in Sources */,
				1A1049AD1E797B6800A60636 /* AppDelegate.swift in Sources */,
			);
			runOnlyForDeploymentPostprocessing = 0;
		};
		1A1049B91E797B6900A60636 /* Sources */ = {
			isa = PBXSourcesBuildPhase;
			buildActionMask = 2147483647;
			files = (
				1A1049C21E797B6900A60636 /* SpeechToTextTests.swift in Sources */,
			);
			runOnlyForDeploymentPostprocessing = 0;
		};
		1A1049C41E797B6900A60636 /* Sources */ = {
			isa = PBXSourcesBuildPhase;
			buildActionMask = 2147483647;
			files = (
				1A1049CD1E797B6900A60636 /* SpeechToTextUITests.swift in Sources */,
			);
			runOnlyForDeploymentPostprocessing = 0;
		};
/* End PBXSourcesBuildPhase section */

/* Begin PBXTargetDependency section */
		1A1049BF1E797B6900A60636 /* PBXTargetDependency */ = {
			isa = PBXTargetDependency;
			target = 1A1049A81E797B6700A60636 /* SpeechToText */;
			targetProxy = 1A1049BE1E797B6900A60636 /* PBXContainerItemProxy */;
		};
		1A1049CA1E797B6900A60636 /* PBXTargetDependency */ = {
			isa = PBXTargetDependency;
			target = 1A1049A81E797B6700A60636 /* SpeechToText */;
			targetProxy = 1A1049C91E797B6900A60636 /* PBXContainerItemProxy */;
		};
/* End PBXTargetDependency section */

/* Begin PBXVariantGroup section */
		1A1049B01E797B6800A60636 /* Main.storyboard */ = {
			isa = PBXVariantGroup;
			children = (
				1A1049B11E797B6800A60636 /* Base */,
			);
			name = Main.storyboard;
			sourceTree = "<group>";
		};
		1A1049B51E797B6800A60636 /* LaunchScreen.storyboard */ = {
			isa = PBXVariantGroup;
			children = (
				1A1049B61E797B6800A60636 /* Base */,
			);
			name = LaunchScreen.storyboard;
			sourceTree = "<group>";
		};
/* End PBXVariantGroup section */

/* Begin XCBuildConfiguration section */
		1A1049CF1E797B6900A60636 /* Debug */ = {
			isa = XCBuildConfiguration;
			buildSettings = {
				ALWAYS_SEARCH_USER_PATHS = NO;
				CLANG_ANALYZER_NONNULL = YES;
				CLANG_CXX_LANGUAGE_STANDARD = "gnu++0x";
				CLANG_CXX_LIBRARY = "libc++";
				CLANG_ENABLE_MODULES = YES;
				CLANG_ENABLE_OBJC_ARC = YES;
				CLANG_WARN_BOOL_CONVERSION = YES;
				CLANG_WARN_CONSTANT_CONVERSION = YES;
				CLANG_WARN_DIRECT_OBJC_ISA_USAGE = YES_ERROR;
				CLANG_WARN_DOCUMENTATION_COMMENTS = YES;
				CLANG_WARN_EMPTY_BODY = YES;
				CLANG_WARN_ENUM_CONVERSION = YES;
				CLANG_WARN_INFINITE_RECURSION = YES;
				CLANG_WARN_INT_CONVERSION = YES;
				CLANG_WARN_OBJC_ROOT_CLASS = YES_ERROR;
				CLANG_WARN_SUSPICIOUS_MOVE = YES;
				CLANG_WARN_UNREACHABLE_CODE = YES;
				CLANG_WARN__DUPLICATE_METHOD_MATCH = YES;
				"CODE_SIGN_IDENTITY[sdk=iphoneos*]" = "iPhone Developer";
				COPY_PHASE_STRIP = NO;
				DEBUG_INFORMATION_FORMAT = dwarf;
				ENABLE_STRICT_OBJC_MSGSEND = YES;
				ENABLE_TESTABILITY = YES;
				GCC_C_LANGUAGE_STANDARD = gnu99;
				GCC_DYNAMIC_NO_PIC = NO;
				GCC_NO_COMMON_BLOCKS = YES;
				GCC_OPTIMIZATION_LEVEL = 0;
				GCC_PREPROCESSOR_DEFINITIONS = (
					"DEBUG=1",
					"$(inherited)",
				);
				GCC_WARN_64_TO_32_BIT_CONVERSION = YES;
				GCC_WARN_ABOUT_RETURN_TYPE = YES_ERROR;
				GCC_WARN_UNDECLARED_SELECTOR = YES;
				GCC_WARN_UNINITIALIZED_AUTOS = YES_AGGRESSIVE;
				GCC_WARN_UNUSED_FUNCTION = YES;
				GCC_WARN_UNUSED_VARIABLE = YES;
				IPHONEOS_DEPLOYMENT_TARGET = 10.0;
				MTL_ENABLE_DEBUG_INFO = YES;
				ONLY_ACTIVE_ARCH = YES;
				SDKROOT = iphoneos;
				SWIFT_ACTIVE_COMPILATION_CONDITIONS = DEBUG;
				SWIFT_OPTIMIZATION_LEVEL = "-Onone";
			};
			name = Debug;
		};
		1A1049D01E797B6900A60636 /* Release */ = {
			isa = XCBuildConfiguration;
			buildSettings = {
				ALWAYS_SEARCH_USER_PATHS = NO;
				CLANG_ANALYZER_NONNULL = YES;
				CLANG_CXX_LANGUAGE_STANDARD = "gnu++0x";
				CLANG_CXX_LIBRARY = "libc++";
				CLANG_ENABLE_MODULES = YES;
				CLANG_ENABLE_OBJC_ARC = YES;
				CLANG_WARN_BOOL_CONVERSION = YES;
				CLANG_WARN_CONSTANT_CONVERSION = YES;
				CLANG_WARN_DIRECT_OBJC_ISA_USAGE = YES_ERROR;
				CLANG_WARN_DOCUMENTATION_COMMENTS = YES;
				CLANG_WARN_EMPTY_BODY = YES;
				CLANG_WARN_ENUM_CONVERSION = YES;
				CLANG_WARN_INFINITE_RECURSION = YES;
				CLANG_WARN_INT_CONVERSION = YES;
				CLANG_WARN_OBJC_ROOT_CLASS = YES_ERROR;
				CLANG_WARN_SUSPICIOUS_MOVE = YES;
				CLANG_WARN_UNREACHABLE_CODE = YES;
				CLANG_WARN__DUPLICATE_METHOD_MATCH = YES;
				"CODE_SIGN_IDENTITY[sdk=iphoneos*]" = "iPhone Developer";
				COPY_PHASE_STRIP = NO;
				DEBUG_INFORMATION_FORMAT = "dwarf-with-dsym";
				ENABLE_NS_ASSERTIONS = NO;
				ENABLE_STRICT_OBJC_MSGSEND = YES;
				GCC_C_LANGUAGE_STANDARD = gnu99;
				GCC_NO_COMMON_BLOCKS = YES;
				GCC_WARN_64_TO_32_BIT_CONVERSION = YES;
				GCC_WARN_ABOUT_RETURN_TYPE = YES_ERROR;
				GCC_WARN_UNDECLARED_SELECTOR = YES;
				GCC_WARN_UNINITIALIZED_AUTOS = YES_AGGRESSIVE;
				GCC_WARN_UNUSED_FUNCTION = YES;
				GCC_WARN_UNUSED_VARIABLE = YES;
				IPHONEOS_DEPLOYMENT_TARGET = 10.0;
				MTL_ENABLE_DEBUG_INFO = NO;
				SDKROOT = iphoneos;
				SWIFT_OPTIMIZATION_LEVEL = "-Owholemodule";
				VALIDATE_PRODUCT = YES;
			};
			name = Release;
		};
		1A1049D21E797B6900A60636 /* Debug */ = {
			isa = XCBuildConfiguration;
			buildSettings = {
				ASSETCATALOG_COMPILER_APPICON_NAME = AppIcon;
				DEVELOPMENT_TEAM = 5RH63G5KC4;
				INFOPLIST_FILE = SpeechToText/Info.plist;
				IPHONEOS_DEPLOYMENT_TARGET = 10;
				LD_RUNPATH_SEARCH_PATHS = "$(inherited) @executable_path/Frameworks";
				PRODUCT_BUNDLE_IDENTIFIER = com.hcmute.SpeechToText;
				PRODUCT_NAME = "$(TARGET_NAME)";
				SWIFT_VERSION = 3.0;
				TARGETED_DEVICE_FAMILY = 1;
			};
			name = Debug;
		};
		1A1049D31E797B6900A60636 /* Release */ = {
			isa = XCBuildConfiguration;
			buildSettings = {
				ASSETCATALOG_COMPILER_APPICON_NAME = AppIcon;
				DEVELOPMENT_TEAM = 5RH63G5KC4;
				INFOPLIST_FILE = SpeechToText/Info.plist;
				IPHONEOS_DEPLOYMENT_TARGET = 10;
				LD_RUNPATH_SEARCH_PATHS = "$(inherited) @executable_path/Frameworks";
				PRODUCT_BUNDLE_IDENTIFIER = com.hcmute.SpeechToText;
				PRODUCT_NAME = "$(TARGET_NAME)";
				SWIFT_VERSION = 3.0;
				TARGETED_DEVICE_FAMILY = 1;
			};
			name = Release;
		};
		1A1049D51E797B6900A60636 /* Debug */ = {
			isa = XCBuildConfiguration;
			buildSettings = {
				ALWAYS_EMBED_SWIFT_STANDARD_LIBRARIES = YES;
				BUNDLE_LOADER = "$(TEST_HOST)";
				INFOPLIST_FILE = SpeechToTextTests/Info.plist;
				LD_RUNPATH_SEARCH_PATHS = "$(inherited) @executable_path/Frameworks @loader_path/Frameworks";
				PRODUCT_BUNDLE_IDENTIFIER = com..SpeechToTextTests;
				PRODUCT_NAME = "$(TARGET_NAME)";
				SWIFT_VERSION = 3.0;
				TEST_HOST = "$(BUILT_PRODUCTS_DIR)/SpeechToText.app/SpeechToText";
			};
			name = Debug;
		};
		1A1049D61E797B6900A60636 /* Release */ = {
			isa = XCBuildConfiguration;
			buildSettings = {
				ALWAYS_EMBED_SWIFT_STANDARD_LIBRARIES = YES;
				BUNDLE_LOADER = "$(TEST_HOST)";
				INFOPLIST_FILE = SpeechToTextTests/Info.plist;
				LD_RUNPATH_SEARCH_PATHS = "$(inherited) @executable_path/Frameworks @loader_path/Frameworks";
				PRODUCT_BUNDLE_IDENTIFIER = com..SpeechToTextTests;
				PRODUCT_NAME = "$(TARGET_NAME)";
				SWIFT_VERSION = 3.0;
				TEST_HOST = "$(BUILT_PRODUCTS_DIR)/SpeechToText.app/SpeechToText";
			};
			name = Release;
		};
		1A1049D81E797B6900A60636 /* Debug */ = {
			isa = XCBuildConfiguration;
			buildSettings = {
				ALWAYS_EMBED_SWIFT_STANDARD_LIBRARIES = YES;
				INFOPLIST_FILE = SpeechToTextUITests/Info.plist;
				LD_RUNPATH_SEARCH_PATHS = "$(inherited) @executable_path/Frameworks @loader_path/Frameworks";
				PRODUCT_BUNDLE_IDENTIFIER = com..SpeechToTextUITests;
				PRODUCT_NAME = "$(TARGET_NAME)";
				SWIFT_VERSION = 3.0;
				TEST_TARGET_NAME = SpeechToText;
			};
			name = Debug;
		};
		1A1049D91E797B6900A60636 /* Release */ = {
			isa = XCBuildConfiguration;
			buildSettings = {
				ALWAYS_EMBED_SWIFT_STANDARD_LIBRARIES = YES;
				INFOPLIST_FILE = SpeechToTextUITests/Info.plist;
				LD_RUNPATH_SEARCH_PATHS = "$(inherited) @executable_path/Frameworks @loader_path/Frameworks";
				PRODUCT_BUNDLE_IDENTIFIER = com..SpeechToTextUITests;
				PRODUCT_NAME = "$(TARGET_NAME)";
				SWIFT_VERSION = 3.0;
				TEST_TARGET_NAME = SpeechToText;
			};
			name = Release;
		};
/* End XCBuildConfiguration section */

/* Begin XCConfigurationList section */
		1A1049A41E797B6700A60636 /* Build configuration list for PBXProject "SpeechToText" */ = {
			isa = XCConfigurationList;
			buildConfigurations = (
				1A1049CF1E797B6900A60636 /* Debug */,
				1A1049D01E797B6900A60636 /* Release */,
			);
			defaultConfigurationIsVisible = 0;
			defaultConfigurationName = Release;
		};
		1A1049D11E797B6900A60636 /* Build configuration list for PBXNativeTarget "SpeechToText" */ = {
			isa = XCConfigurationList;
			buildConfigurations = (
				1A1049D21E797B6900A60636 /* Debug */,
				1A1049D31E797B6900A60636 /* Release */,
			);
			defaultConfigurationIsVisible = 0;
			defaultConfigurationName = Release;
		};
		1A1049D41E797B6900A60636 /* Build configuration list for PBXNativeTarget "SpeechToTextTests" */ = {
			isa = XCConfigurationList;
			buildConfigurations = (
				1A1049D51E797B6900A60636 /* Debug */,
				1A1049D61E797B6900A60636 /* Release */,
			);
			defaultConfigurationIsVisible = 0;
			defaultConfigurationName = Release;
		};
		1A1049D71E797B6900A60636 /* Build configuration list for PBXNativeTarget "SpeechToTextUITests" */ = {
			isa = XCConfigurationList;
			buildConfigurations = (
				1A1049D81E797B6900A60636 /* Debug */,
				1A1049D91E797B6900A60636 /* Release */,
			);
			defaultConfigurationIsVisible = 0;
			defaultConfigurationName = Release;
		};
/* End XCConfigurationList section */
	};
	rootObject = 1A1049A11E797B6700A60636 /* Project object */;
}
